PODS:
  - Alamofire (4.8.2)
  - EasyRest (1.1.2):
    - Alamofire (~> 4.8.1)
    - EasyRest/Core (= 1.1.2)
  - EasyRest/Core (1.1.2):
    - Alamofire (~> 4.8.1)
  - EasyRest/LoggerBeaver (1.1.2):
    - Alamofire (~> 4.8.1)
    - SwiftyBeaver (~> 1.7.0)
  - SwiftyBeaver (1.7.1)

DEPENDENCIES:
  - EasyRest (from `../`)
  - EasyRest/LoggerBeaver (from `../`)

SPEC REPOS:
  https://github.com/cocoapods/specs.git:
    - Alamofire
    - SwiftyBeaver

EXTERNAL SOURCES:
  EasyRest:
    :path: "../"

SPEC CHECKSUMS:
  Alamofire: ae5c501addb7afdbb13687d7f2f722c78734c2d3
  EasyRest: 0d2cee49b6205fc353159eca108fe1c52bf87a4e
  SwiftyBeaver: da5e573ad583586c18236324c36900990afe1733

PODFILE CHECKSUM: 56f17dea7e3a2db789913e7085354d7b0c86ecc9

COCOAPODS: 1.7.5
