PODS:
  - Alamofire (4.8.2)
  - EasyRest (1.1.2):
    - Alamofire (~> 4.8.1)
    - EasyRest/Core (= 1.1.2)
  - EasyRest/Core (1.1.2):
    - Alamofire (~> 4.8.1)
  - EasyRest/PromiseKit (1.1.2):
    - Alamofire (~> 4.8.1)
    - PromiseKit (~> 6.8)
  - PromiseKit (6.11.0):
    - PromiseKit/CorePromise (= 6.11.0)
    - PromiseKit/Foundation (= 6.11.0)
    - PromiseKit/UIKit (= 6.11.0)
  - PromiseKit/CorePromise (6.11.0)
  - PromiseKit/Foundation (6.11.0):
    - PromiseKit/CorePromise
  - PromiseKit/UIKit (6.11.0):
    - PromiseKit/CorePromise
  - SwiftyJSON (5.0.0)
  - ZIPFoundation (0.9.9)

DEPENDENCIES:
  - EasyRest (from `../`)
  - EasyRest/PromiseKit (from `../`)
  - SwiftyJSON
  - ZIPFoundation

SPEC REPOS:
  https://github.com/cocoapods/specs.git:
    - Alamofire
    - PromiseKit
    - SwiftyJSON
    - ZIPFoundation

EXTERNAL SOURCES:
  EasyRest:
    :path: "../"

SPEC CHECKSUMS:
  Alamofire: ae5c501addb7afdbb13687d7f2f722c78734c2d3
  EasyRest: 2e416c3c3bf32244cd2dcb511ec2466fd1f0d48f
  PromiseKit: e4863d06976e7dee5e41c04fc7371c16b3600292
  SwiftyJSON: 36413e04c44ee145039d332b4f4e2d3e8d6c4db7
  ZIPFoundation: 89df685c971926b0323087952320bdfee9f0b6ef

PODFILE CHECKSUM: 0b718ecaf07828967095eef9904e27a6eb71c47e

COCOAPODS: 1.7.5
